// !$*UTF8*$!
{
	archiveVersion = 1;
	classes = {
	};
	objectVersion = 56;
	objects = {

/* Begin PBXBuildFile section */
		7FE40CB12BA2F5E900209602 /* MoveAppApp.swift in Sources */ = {isa = PBXBuildFile; fileRef = 7FE40CB02BA2F5E900209602 /* MoveAppApp.swift */; };
		7FE40CB32BA2F5E900209602 /* ContentView.swift in Sources */ = {isa = PBXBuildFile; fileRef = 7FE40CB22BA2F5E900209602 /* ContentView.swift */; };
		7FE40CB52BA2F5EE00209602 /* Assets.xcassets in Resources */ = {isa = PBXBuildFile; fileRef = 7FE40CB42BA2F5EE00209602 /* Assets.xcassets */; };
		7FE40CB82BA2F5EE00209602 /* Preview Assets.xcassets in Resources */ = {isa = PBXBuildFile; fileRef = 7FE40CB72BA2F5EE00209602 /* Preview Assets.xcassets */; };
		7FE40CC22BA2F5EF00209602 /* MoveAppTests.swift in Sources */ = {isa = PBXBuildFile; fileRef = 7FE40CC12BA2F5EF00209602 /* MoveAppTests.swift */; };
		7FE40CCC2BA2F5EF00209602 /* MoveAppUITests.swift in Sources */ = {isa = PBXBuildFile; fileRef = 7FE40CCB2BA2F5EF00209602 /* MoveAppUITests.swift */; };
		7FE40CCE2BA2F5EF00209602 /* MoveAppUITestsLaunchTests.swift in Sources */ = {isa = PBXBuildFile; fileRef = 7FE40CCD2BA2F5EF00209602 /* MoveAppUITestsLaunchTests.swift */; };
		7FE40CDB2BA2F6FD00209602 /* LocationManager.swift in Sources */ = {isa = PBXBuildFile; fileRef = 7FE40CDA2BA2F6FD00209602 /* LocationManager.swift */; };
/* End PBXBuildFile section */

/* Begin PBXContainerItemProxy section */
		7FE40CBE2BA2F5EE00209602 /* PBXContainerItemProxy */ = {
			isa = PBXContainerItemProxy;
			containerPortal = 7FE40CA52BA2F5E900209602 /* Project object */;
			proxyType = 1;
			remoteGlobalIDString = 7FE40CAC2BA2F5E900209602;
			remoteInfo = MoveApp;
		};
		7FE40CC82BA2F5EF00209602 /* PBXContainerItemProxy */ = {
			isa = PBXContainerItemProxy;
			containerPortal = 7FE40CA52BA2F5E900209602 /* Project object */;
			proxyType = 1;
			remoteGlobalIDString = 7FE40CAC2BA2F5E900209602;
			remoteInfo = MoveApp;
		};
/* End PBXContainerItemProxy section */

/* Begin PBXFileReference section */
		7FE40CAD2BA2F5E900209602 /* MoveApp.app */ = {isa = PBXFileReference; explicitFileType = wrapper.application; includeInIndex = 0; path = MoveApp.app; sourceTree = BUILT_PRODUCTS_DIR; };
		7FE40CB02BA2F5E900209602 /* MoveAppApp.swift */ = {isa = PBXFileReference; lastKnownFileType = sourcecode.swift; path = MoveAppApp.swift; sourceTree = "<group>"; };
		7FE40CB22BA2F5E900209602 /* ContentView.swift */ = {isa = PBXFileReference; lastKnownFileType = sourcecode.swift; path = ContentView.swift; sourceTree = "<group>"; };
		7FE40CB42BA2F5EE00209602 /* Assets.xcassets */ = {isa = PBXFileReference; lastKnownFileType = folder.assetcatalog; path = Assets.xcassets; sourceTree = "<group>"; };
		7FE40CB72BA2F5EE00209602 /* Preview Assets.xcassets */ = {isa = PBXFileReference; lastKnownFileType = folder.assetcatalog; path = "Preview Assets.xcassets"; sourceTree = "<group>"; };
		7FE40CBD2BA2F5EE00209602 /* MoveAppTests.xctest */ = {isa = PBXFileReference; explicitFileType = wrapper.cfbundle; includeInIndex = 0; path = MoveAppTests.xctest; sourceTree = BUILT_PRODUCTS_DIR; };
		7FE40CC12BA2F5EF00209602 /* MoveAppTests.swift */ = {isa = PBXFileReference; lastKnownFileType = sourcecode.swift; path = MoveAppTests.swift; sourceTree = "<group>"; };
		7FE40CC72BA2F5EF00209602 /* MoveAppUITests.xctest */ = {isa = PBXFileReference; explicitFileType = wrapper.cfbundle; includeInIndex = 0; path = MoveAppUITests.xctest; sourceTree = BUILT_PRODUCTS_DIR; };
		7FE40CCB2BA2F5EF00209602 /* MoveAppUITests.swift */ = {isa = PBXFileReference; lastKnownFileType = sourcecode.swift; path = MoveAppUITests.swift; sourceTree = "<group>"; };
		7FE40CCD2BA2F5EF00209602 /* MoveAppUITestsLaunchTests.swift */ = {isa = PBXFileReference; lastKnownFileType = sourcecode.swift; path = MoveAppUITestsLaunchTests.swift; sourceTree = "<group>"; };
		7FE40CDA2BA2F6FD00209602 /* LocationManager.swift */ = {isa = PBXFileReference; lastKnownFileType = sourcecode.swift; path = LocationManager.swift; sourceTree = "<group>"; };
		7FE40CDC2BA2F9E800209602 /* Info.plist */ = {isa = PBXFileReference; lastKnownFileType = text.plist; path = Info.plist; sourceTree = "<group>"; };
/* End PBXFileReference section */

/* Begin PBXFrameworksBuildPhase section */
		7FE40CAA2BA2F5E900209602 /* Frameworks */ = {
			isa = PBXFrameworksBuildPhase;
			buildActionMask = 2147483647;
			files = (
			);
			runOnlyForDeploymentPostprocessing = 0;
		};
		7FE40CBA2BA2F5EE00209602 /* Frameworks */ = {
			isa = PBXFrameworksBuildPhase;
			buildActionMask = 2147483647;
			files = (
			);
			runOnlyForDeploymentPostprocessing = 0;
		};
		7FE40CC42BA2F5EF00209602 /* Frameworks */ = {
			isa = PBXFrameworksBuildPhase;
			buildActionMask = 2147483647;
			files = (
			);
			runOnlyForDeploymentPostprocessing = 0;
		};
/* End PBXFrameworksBuildPhase section */

/* Begin PBXGroup section */
		7FE40CA42BA2F5E900209602 = {
			isa = PBXGroup;
			children = (
				7FE40CAF2BA2F5E900209602 /* MoveApp */,
				7FE40CC02BA2F5EE00209602 /* MoveAppTests */,
				7FE40CCA2BA2F5EF00209602 /* MoveAppUITests */,
				7FE40CAE2BA2F5E900209602 /* Products */,
			);
			sourceTree = "<group>";
		};
		7FE40CAE2BA2F5E900209602 /* Products */ = {
			isa = PBXGroup;
			children = (
				7FE40CAD2BA2F5E900209602 /* MoveApp.app */,
				7FE40CBD2BA2F5EE00209602 /* MoveAppTests.xctest */,
				7FE40CC72BA2F5EF00209602 /* MoveAppUITests.xctest */,
			);
			name = Products;
			sourceTree = "<group>";
		};
		7FE40CAF2BA2F5E900209602 /* MoveApp */ = {
			isa = PBXGroup;
			children = (
				7FE40CDC2BA2F9E800209602 /* Info.plist */,
				7FE40CB02BA2F5E900209602 /* MoveAppApp.swift */,
				7FE40CB22BA2F5E900209602 /* ContentView.swift */,
				7FE40CB42BA2F5EE00209602 /* Assets.xcassets */,
				7FE40CB62BA2F5EE00209602 /* Preview Content */,
				7FE40CDA2BA2F6FD00209602 /* LocationManager.swift */,
			);
			path = MoveApp;
			sourceTree = "<group>";
		};
		7FE40CB62BA2F5EE00209602 /* Preview Content */ = {
			isa = PBXGroup;
			children = (
				7FE40CB72BA2F5EE00209602 /* Preview Assets.xcassets */,
			);
			path = "Preview Content";
			sourceTree = "<group>";
		};
		7FE40CC02BA2F5EE00209602 /* MoveAppTests */ = {
			isa = PBXGroup;
			children = (
				7FE40CC12BA2F5EF00209602 /* MoveAppTests.swift */,
			);
			path = MoveAppTests;
			sourceTree = "<group>";
		};
		7FE40CCA2BA2F5EF00209602 /* MoveAppUITests */ = {
			isa = PBXGroup;
			children = (
				7FE40CCB2BA2F5EF00209602 /* MoveAppUITests.swift */,
				7FE40CCD2BA2F5EF00209602 /* MoveAppUITestsLaunchTests.swift */,
			);
			path = MoveAppUITests;
			sourceTree = "<group>";
		};
/* End PBXGroup section */

/* Begin PBXNativeTarget section */
		7FE40CAC2BA2F5E900209602 /* MoveApp */ = {
			isa = PBXNativeTarget;
			buildConfigurationList = 7FE40CD12BA2F5EF00209602 /* Build configuration list for PBXNativeTarget "MoveApp" */;
			buildPhases = (
				7FE40CA92BA2F5E900209602 /* Sources */,
				7FE40CAA2BA2F5E900209602 /* Frameworks */,
				7FE40CAB2BA2F5E900209602 /* Resources */,
			);
			buildRules = (
			);
			dependencies = (
			);
			name = MoveApp;
			productName = MoveApp;
			productReference = 7FE40CAD2BA2F5E900209602 /* MoveApp.app */;
			productType = "com.apple.product-type.application";
		};
		7FE40CBC2BA2F5EE00209602 /* MoveAppTests */ = {
			isa = PBXNativeTarget;
			buildConfigurationList = 7FE40CD42BA2F5EF00209602 /* Build configuration list for PBXNativeTarget "MoveAppTests" */;
			buildPhases = (
				7FE40CB92BA2F5EE00209602 /* Sources */,
				7FE40CBA2BA2F5EE00209602 /* Frameworks */,
				7FE40CBB2BA2F5EE00209602 /* Resources */,
			);
			buildRules = (
			);
			dependencies = (
				7FE40CBF2BA2F5EE00209602 /* PBXTargetDependency */,
			);
			name = MoveAppTests;
			productName = MoveAppTests;
			productReference = 7FE40CBD2BA2F5EE00209602 /* MoveAppTests.xctest */;
			productType = "com.apple.product-type.bundle.unit-test";
		};
		7FE40CC62BA2F5EF00209602 /* MoveAppUITests */ = {
			isa = PBXNativeTarget;
			buildConfigurationList = 7FE40CD72BA2F5EF00209602 /* Build configuration list for PBXNativeTarget "MoveAppUITests" */;
			buildPhases = (
				7FE40CC32BA2F5EF00209602 /* Sources */,
				7FE40CC42BA2F5EF00209602 /* Frameworks */,
				7FE40CC52BA2F5EF00209602 /* Resources */,
			);
			buildRules = (
			);
			dependencies = (
				7FE40CC92BA2F5EF00209602 /* PBXTargetDependency */,
			);
			name = MoveAppUITests;
			productName = MoveAppUITests;
			productReference = 7FE40CC72BA2F5EF00209602 /* MoveAppUITests.xctest */;
			productType = "com.apple.product-type.bundle.ui-testing";
		};
/* End PBXNativeTarget section */

/* Begin PBXProject section */
		7FE40CA52BA2F5E900209602 /* Project object */ = {
			isa = PBXProject;
			attributes = {
				BuildIndependentTargetsInParallel = 1;
				LastSwiftUpdateCheck = 1500;
				LastUpgradeCheck = 1500;
				TargetAttributes = {
					7FE40CAC2BA2F5E900209602 = {
						CreatedOnToolsVersion = 15.0.1;
					};
					7FE40CBC2BA2F5EE00209602 = {
						CreatedOnToolsVersion = 15.0.1;
						TestTargetID = 7FE40CAC2BA2F5E900209602;
					};
					7FE40CC62BA2F5EF00209602 = {
						CreatedOnToolsVersion = 15.0.1;
						TestTargetID = 7FE40CAC2BA2F5E900209602;
					};
				};
			};
			buildConfigurationList = 7FE40CA82BA2F5E900209602 /* Build configuration list for PBXProject "MoveApp" */;
			compatibilityVersion = "Xcode 14.0";
			developmentRegion = en;
			hasScannedForEncodings = 0;
			knownRegions = (
				en,
				Base,
			);
			mainGroup = 7FE40CA42BA2F5E900209602;
			productRefGroup = 7FE40CAE2BA2F5E900209602 /* Products */;
			projectDirPath = "";
			projectRoot = "";
			targets = (
				7FE40CAC2BA2F5E900209602 /* MoveApp */,
				7FE40CBC2BA2F5EE00209602 /* MoveAppTests */,
				7FE40CC62BA2F5EF00209602 /* MoveAppUITests */,
			);
		};
/* End PBXProject section */

/* Begin PBXResourcesBuildPhase section */
		7FE40CAB2BA2F5E900209602 /* Resources */ = {
			isa = PBXResourcesBuildPhase;
			buildActionMask = 2147483647;
			files = (
				7FE40CB82BA2F5EE00209602 /* Preview Assets.xcassets in Resources */,
				7FE40CB52BA2F5EE00209602 /* Assets.xcassets in Resources */,
			);
			runOnlyForDeploymentPostprocessing = 0;
		};
		7FE40CBB2BA2F5EE00209602 /* Resources */ = {
			isa = PBXResourcesBuildPhase;
			buildActionMask = 2147483647;
			files = (
			);
			runOnlyForDeploymentPostprocessing = 0;
		};
		7FE40CC52BA2F5EF00209602 /* Resources */ = {
			isa = PBXResourcesBuildPhase;
			buildActionMask = 2147483647;
			files = (
			);
			runOnlyForDeploymentPostprocessing = 0;
		};
/* End PBXResourcesBuildPhase section */

/* Begin PBXSourcesBuildPhase section */
		7FE40CA92BA2F5E900209602 /* Sources */ = {
			isa = PBXSourcesBuildPhase;
			buildActionMask = 2147483647;
			files = (
				7FE40CB32BA2F5E900209602 /* ContentView.swift in Sources */,
				7FE40CB12BA2F5E900209602 /* MoveAppApp.swift in Sources */,
				7FE40CDB2BA2F6FD00209602 /* LocationManager.swift in Sources */,
			);
			runOnlyForDeploymentPostprocessing = 0;
		};
		7FE40CB92BA2F5EE00209602 /* Sources */ = {
			isa = PBXSourcesBuildPhase;
			buildActionMask = 2147483647;
			files = (
				7FE40CC22BA2F5EF00209602 /* MoveAppTests.swift in Sources */,
			);
			runOnlyForDeploymentPostprocessing = 0;
		};
		7FE40CC32BA2F5EF00209602 /* Sources */ = {
			isa = PBXSourcesBuildPhase;
			buildActionMask = 2147483647;
			files = (
				7FE40CCC2BA2F5EF00209602 /* MoveAppUITests.swift in Sources */,
				7FE40CCE2BA2F5EF00209602 /* MoveAppUITestsLaunchTests.swift in Sources */,
			);
			runOnlyForDeploymentPostprocessing = 0;
		};
/* End PBXSourcesBuildPhase section */

/* Begin PBXTargetDependency section */
		7FE40CBF2BA2F5EE00209602 /* PBXTargetDependency */ = {
			isa = PBXTargetDependency;
			target = 7FE40CAC2BA2F5E900209602 /* MoveApp */;
			targetProxy = 7FE40CBE2BA2F5EE00209602 /* PBXContainerItemProxy */;
		};
		7FE40CC92BA2F5EF00209602 /* PBXTargetDependency */ = {
			isa = PBXTargetDependency;
			target = 7FE40CAC2BA2F5E900209602 /* MoveApp */;
			targetProxy = 7FE40CC82BA2F5EF00209602 /* PBXContainerItemProxy */;
		};
/* End PBXTargetDependency section */

/* Begin XCBuildConfiguration section */
		7FE40CCF2BA2F5EF00209602 /* Debug */ = {
			isa = XCBuildConfiguration;
			buildSettings = {
				ALWAYS_SEARCH_USER_PATHS = NO;
				ASSETCATALOG_COMPILER_GENERATE_SWIFT_ASSET_SYMBOL_EXTENSIONS = YES;
				CLANG_ANALYZER_NONNULL = YES;
				CLANG_ANALYZER_NUMBER_OBJECT_CONVERSION = YES_AGGRESSIVE;
				CLANG_CXX_LANGUAGE_STANDARD = "gnu++20";
				CLANG_ENABLE_MODULES = YES;
				CLANG_ENABLE_OBJC_ARC = YES;
				CLANG_ENABLE_OBJC_WEAK = YES;
				CLANG_WARN_BLOCK_CAPTURE_AUTORELEASING = YES;
				CLANG_WARN_BOOL_CONVERSION = YES;
				CLANG_WARN_COMMA = YES;
				CLANG_WARN_CONSTANT_CONVERSION = YES;
				CLANG_WARN_DEPRECATED_OBJC_IMPLEMENTATIONS = YES;
				CLANG_WARN_DIRECT_OBJC_ISA_USAGE = YES_ERROR;
				CLANG_WARN_DOCUMENTATION_COMMENTS = YES;
				CLANG_WARN_EMPTY_BODY = YES;
				CLANG_WARN_ENUM_CONVERSION = YES;
				CLANG_WARN_INFINITE_RECURSION = YES;
				CLANG_WARN_INT_CONVERSION = YES;
				CLANG_WARN_NON_LITERAL_NULL_CONVERSION = YES;
				CLANG_WARN_OBJC_IMPLICIT_RETAIN_SELF = YES;
				CLANG_WARN_OBJC_LITERAL_CONVERSION = YES;
				CLANG_WARN_OBJC_ROOT_CLASS = YES_ERROR;
				CLANG_WARN_QUOTED_INCLUDE_IN_FRAMEWORK_HEADER = YES;
				CLANG_WARN_RANGE_LOOP_ANALYSIS = YES;
				CLANG_WARN_STRICT_PROTOTYPES = YES;
				CLANG_WARN_SUSPICIOUS_MOVE = YES;
				CLANG_WARN_UNGUARDED_AVAILABILITY = YES_AGGRESSIVE;
				CLANG_WARN_UNREACHABLE_CODE = YES;
				CLANG_WARN__DUPLICATE_METHOD_MATCH = YES;
				COPY_PHASE_STRIP = NO;
				DEBUG_INFORMATION_FORMAT = dwarf;
				ENABLE_STRICT_OBJC_MSGSEND = YES;
				ENABLE_TESTABILITY = YES;
				ENABLE_USER_SCRIPT_SANDBOXING = YES;
				GCC_C_LANGUAGE_STANDARD = gnu17;
				GCC_DYNAMIC_NO_PIC = NO;
				GCC_NO_COMMON_BLOCKS = YES;
				GCC_OPTIMIZATION_LEVEL = 0;
				GCC_PREPROCESSOR_DEFINITIONS = (
					"DEBUG=1",
					"$(inherited)",
				);
				GCC_WARN_64_TO_32_BIT_CONVERSION = YES;
				GCC_WARN_ABOUT_RETURN_TYPE = YES_ERROR;
				GCC_WARN_UNDECLARED_SELECTOR = YES;
				GCC_WARN_UNINITIALIZED_AUTOS = YES_AGGRESSIVE;
				GCC_WARN_UNUSED_FUNCTION = YES;
				GCC_WARN_UNUSED_VARIABLE = YES;
				IPHONEOS_DEPLOYMENT_TARGET = 17.0;
				LOCALIZATION_PREFERS_STRING_CATALOGS = YES;
				MTL_ENABLE_DEBUG_INFO = INCLUDE_SOURCE;
				MTL_FAST_MATH = YES;
				ONLY_ACTIVE_ARCH = YES;
				SDKROOT = iphoneos;
				SWIFT_ACTIVE_COMPILATION_CONDITIONS = "DEBUG $(inherited)";
				SWIFT_OPTIMIZATION_LEVEL = "-Onone";
			};
			name = Debug;
		};
		7FE40CD02BA2F5EF00209602 /* Release */ = {
			isa = XCBuildConfiguration;
			buildSettings = {
				ALWAYS_SEARCH_USER_PATHS = NO;
				ASSETCATALOG_COMPILER_GENERATE_SWIFT_ASSET_SYMBOL_EXTENSIONS = YES;
				CLANG_ANALYZER_NONNULL = YES;
				CLANG_ANALYZER_NUMBER_OBJECT_CONVERSION = YES_AGGRESSIVE;
				CLANG_CXX_LANGUAGE_STANDARD = "gnu++20";
				CLANG_ENABLE_MODULES = YES;
				CLANG_ENABLE_OBJC_ARC = YES;
				CLANG_ENABLE_OBJC_WEAK = YES;
				CLANG_WARN_BLOCK_CAPTURE_AUTORELEASING = YES;
				CLANG_WARN_BOOL_CONVERSION = YES;
				CLANG_WARN_COMMA = YES;
				CLANG_WARN_CONSTANT_CONVERSION = YES;
				CLANG_WARN_DEPRECATED_OBJC_IMPLEMENTATIONS = YES;
				CLANG_WARN_DIRECT_OBJC_ISA_USAGE = YES_ERROR;
				CLANG_WARN_DOCUMENTATION_COMMENTS = YES;
				CLANG_WARN_EMPTY_BODY = YES;
				CLANG_WARN_ENUM_CONVERSION = YES;
				CLANG_WARN_INFINITE_RECURSION = YES;
				CLANG_WARN_INT_CONVERSION = YES;
				CLANG_WARN_NON_LITERAL_NULL_CONVERSION = YES;
				CLANG_WARN_OBJC_IMPLICIT_RETAIN_SELF = YES;
				CLANG_WARN_OBJC_LITERAL_CONVERSION = YES;
				CLANG_WARN_OBJC_ROOT_CLASS = YES_ERROR;
				CLANG_WARN_QUOTED_INCLUDE_IN_FRAMEWORK_HEADER = YES;
				CLANG_WARN_RANGE_LOOP_ANALYSIS = YES;
				CLANG_WARN_STRICT_PROTOTYPES = YES;
				CLANG_WARN_SUSPICIOUS_MOVE = YES;
				CLANG_WARN_UNGUARDED_AVAILABILITY = YES_AGGRESSIVE;
				CLANG_WARN_UNREACHABLE_CODE = YES;
				CLANG_WARN__DUPLICATE_METHOD_MATCH = YES;
				COPY_PHASE_STRIP = NO;
				DEBUG_INFORMATION_FORMAT = "dwarf-with-dsym";
				ENABLE_NS_ASSERTIONS = NO;
				ENABLE_STRICT_OBJC_MSGSEND = YES;
				ENABLE_USER_SCRIPT_SANDBOXING = YES;
				GCC_C_LANGUAGE_STANDARD = gnu17;
				GCC_NO_COMMON_BLOCKS = YES;
				GCC_WARN_64_TO_32_BIT_CONVERSION = YES;
				GCC_WARN_ABOUT_RETURN_TYPE = YES_ERROR;
				GCC_WARN_UNDECLARED_SELECTOR = YES;
				GCC_WARN_UNINITIALIZED_AUTOS = YES_AGGRESSIVE;
				GCC_WARN_UNUSED_FUNCTION = YES;
				GCC_WARN_UNUSED_VARIABLE = YES;
				IPHONEOS_DEPLOYMENT_TARGET = 17.0;
				LOCALIZATION_PREFERS_STRING_CATALOGS = YES;
				MTL_ENABLE_DEBUG_INFO = NO;
				MTL_FAST_MATH = YES;
				SDKROOT = iphoneos;
				SWIFT_COMPILATION_MODE = wholemodule;
				VALIDATE_PRODUCT = YES;
			};
			name = Release;
		};
		7FE40CD22BA2F5EF00209602 /* Debug */ = {
			isa = XCBuildConfiguration;
			buildSettings = {
				ASSETCATALOG_COMPILER_APPICON_NAME = AppIcon;
				ASSETCATALOG_COMPILER_GLOBAL_ACCENT_COLOR_NAME = AccentColor;
				CODE_SIGN_STYLE = Automatic;
				CURRENT_PROJECT_VERSION = 1;
				DEVELOPMENT_ASSET_PATHS = "\"MoveApp/Preview Content\"";
				DEVELOPMENT_TEAM = PPGW64ZB2J;
				ENABLE_PREVIEWS = YES;
				GENERATE_INFOPLIST_FILE = YES;
				INFOPLIST_FILE = MoveApp/Info.plist;
				INFOPLIST_KEY_NSLocationAlwaysAndWhenInUseUsageDescription = "app wants to access your location ";
				INFOPLIST_KEY_NSLocationWhenInUseUsageDescription = "app wants to access your location";
				INFOPLIST_KEY_UIApplicationSceneManifest_Generation = YES;
				INFOPLIST_KEY_UIApplicationSupportsIndirectInputEvents = YES;
				INFOPLIST_KEY_UILaunchScreen_Generation = YES;
				INFOPLIST_KEY_UISupportedInterfaceOrientations_iPad = "UIInterfaceOrientationPortrait UIInterfaceOrientationPortraitUpsideDown UIInterfaceOrientationLandscapeLeft UIInterfaceOrientationLandscapeRight";
				INFOPLIST_KEY_UISupportedInterfaceOrientations_iPhone = "UIInterfaceOrientationPortrait UIInterfaceOrientationLandscapeLeft UIInterfaceOrientationLandscapeRight";
				LD_RUNPATH_SEARCH_PATHS = (
					"$(inherited)",
					"@executable_path/Frameworks",
				);
				MARKETING_VERSION = 1.0;
				PRODUCT_BUNDLE_IDENTIFIER = com.globaldatatek.MoveApp;
				PRODUCT_NAME = "$(TARGET_NAME)";
				SWIFT_EMIT_LOC_STRINGS = YES;
				SWIFT_VERSION = 5.0;
				TARGETED_DEVICE_FAMILY = "1,2";
			};
			name = Debug;
		};
		7FE40CD32BA2F5EF00209602 /* Release */ = {
			isa = XCBuildConfiguration;
			buildSettings = {
				ASSETCATALOG_COMPILER_APPICON_NAME = AppIcon;
				ASSETCATALOG_COMPILER_GLOBAL_ACCENT_COLOR_NAME = AccentColor;
				CODE_SIGN_STYLE = Automatic;
				CURRENT_PROJECT_VERSION = 1;
				DEVELOPMENT_ASSET_PATHS = "\"MoveApp/Preview Content\"";
				DEVELOPMENT_TEAM = PPGW64ZB2J;
				ENABLE_PREVIEWS = YES;
				GENERATE_INFOPLIST_FILE = YES;
				INFOPLIST_FILE = MoveApp/Info.plist;
				INFOPLIST_KEY_NSLocationAlwaysAndWhenInUseUsageDescription = "app wants to access your location ";
				INFOPLIST_KEY_NSLocationWhenInUseUsageDescription = "app wants to access your location";
				INFOPLIST_KEY_UIApplicationSceneManifest_Generation = YES;
				INFOPLIST_KEY_UIApplicationSupportsIndirectInputEvents = YES;
				INFOPLIST_KEY_UILaunchScreen_Generation = YES;
				INFOPLIST_KEY_UISupportedInterfaceOrientations_iPad = "UIInterfaceOrientationPortrait UIInterfaceOrientationPortraitUpsideDown UIInterfaceOrientationLandscapeLeft UIInterfaceOrientationLandscapeRight";
				INFOPLIST_KEY_UISupportedInterfaceOrientations_iPhone = "UIInterfaceOrientationPortrait UIInterfaceOrientationLandscapeLeft UIInterfaceOrientationLandscapeRight";
				LD_RUNPATH_SEARCH_PATHS = (
					"$(inherited)",
					"@executable_path/Frameworks",
				);
				MARKETING_VERSION = 1.0;
				PRODUCT_BUNDLE_IDENTIFIER = com.globaldatatek.MoveApp;
				PRODUCT_NAME = "$(TARGET_NAME)";
				SWIFT_EMIT_LOC_STRINGS = YES;
				SWIFT_VERSION = 5.0;
				TARGETED_DEVICE_FAMILY = "1,2";
			};
			name = Release;
		};
		7FE40CD52BA2F5EF00209602 /* Debug */ = {
			isa = XCBuildConfiguration;
			buildSettings = {
				ALWAYS_EMBED_SWIFT_STANDARD_LIBRARIES = YES;
				BUNDLE_LOADER = "$(TEST_HOST)";
				CODE_SIGN_STYLE = Automatic;
				CURRENT_PROJECT_VERSION = 1;
				DEVELOPMENT_TEAM = PPGW64ZB2J;
				GENERATE_INFOPLIST_FILE = YES;
				IPHONEOS_DEPLOYMENT_TARGET = 17.0;
				MARKETING_VERSION = 1.0;
				PRODUCT_BUNDLE_IDENTIFIER = com.globaldatatek.MoveAppTests;
				PRODUCT_NAME = "$(TARGET_NAME)";
				SWIFT_EMIT_LOC_STRINGS = NO;
				SWIFT_VERSION = 5.0;
				TARGETED_DEVICE_FAMILY = "1,2";
				TEST_HOST = "$(BUILT_PRODUCTS_DIR)/MoveApp.app/$(BUNDLE_EXECUTABLE_FOLDER_PATH)/MoveApp";
			};
			name = Debug;
		};
		7FE40CD62BA2F5EF00209602 /* Release */ = {
			isa = XCBuildConfiguration;
			buildSettings = {
				ALWAYS_EMBED_SWIFT_STANDARD_LIBRARIES = YES;
				BUNDLE_LOADER = "$(TEST_HOST)";
				CODE_SIGN_STYLE = Automatic;
				CURRENT_PROJECT_VERSION = 1;
				DEVELOPMENT_TEAM = PPGW64ZB2J;
				GENERATE_INFOPLIST_FILE = YES;
				IPHONEOS_DEPLOYMENT_TARGET = 17.0;
				MARKETING_VERSION = 1.0;
				PRODUCT_BUNDLE_IDENTIFIER = com.globaldatatek.MoveAppTests;
				PRODUCT_NAME = "$(TARGET_NAME)";
				SWIFT_EMIT_LOC_STRINGS = NO;
				SWIFT_VERSION = 5.0;
				TARGETED_DEVICE_FAMILY = "1,2";
				TEST_HOST = "$(BUILT_PRODUCTS_DIR)/MoveApp.app/$(BUNDLE_EXECUTABLE_FOLDER_PATH)/MoveApp";
			};
			name = Release;
		};
		7FE40CD82BA2F5EF00209602 /* Debug */ = {
			isa = XCBuildConfiguration;
			buildSettings = {
				ALWAYS_EMBED_SWIFT_STANDARD_LIBRARIES = YES;
				CODE_SIGN_STYLE = Automatic;
				CURRENT_PROJECT_VERSION = 1;
				DEVELOPMENT_TEAM = PPGW64ZB2J;
				GENERATE_INFOPLIST_FILE = YES;
				MARKETING_VERSION = 1.0;
				PRODUCT_BUNDLE_IDENTIFIER = com.globaldatatek.MoveAppUITests;
				PRODUCT_NAME = "$(TARGET_NAME)";
				SWIFT_EMIT_LOC_STRINGS = NO;
				SWIFT_VERSION = 5.0;
				TARGETED_DEVICE_FAMILY = "1,2";
				TEST_TARGET_NAME = MoveApp;
			};
			name = Debug;
		};
		7FE40CD92BA2F5EF00209602 /* Release */ = {
			isa = XCBuildConfiguration;
			buildSettings = {
				ALWAYS_EMBED_SWIFT_STANDARD_LIBRARIES = YES;
				CODE_SIGN_STYLE = Automatic;
				CURRENT_PROJECT_VERSION = 1;
				DEVELOPMENT_TEAM = PPGW64ZB2J;
				GENERATE_INFOPLIST_FILE = YES;
				MARKETING_VERSION = 1.0;
				PRODUCT_BUNDLE_IDENTIFIER = com.globaldatatek.MoveAppUITests;
				PRODUCT_NAME = "$(TARGET_NAME)";
				SWIFT_EMIT_LOC_STRINGS = NO;
				SWIFT_VERSION = 5.0;
				TARGETED_DEVICE_FAMILY = "1,2";
				TEST_TARGET_NAME = MoveApp;
			};
			name = Release;
		};
/* End XCBuildConfiguration section */

/* Begin XCConfigurationList section */
		7FE40CA82BA2F5E900209602 /* Build configuration list for PBXProject "MoveApp" */ = {
			isa = XCConfigurationList;
			buildConfigurations = (
				7FE40CCF2BA2F5EF00209602 /* Debug */,
				7FE40CD02BA2F5EF00209602 /* Release */,
			);
			defaultConfigurationIsVisible = 0;
			defaultConfigurationName = Release;
		};
		7FE40CD12BA2F5EF00209602 /* Build configuration list for PBXNativeTarget "MoveApp" */ = {
			isa = XCConfigurationList;
			buildConfigurations = (
				7FE40CD22BA2F5EF00209602 /* Debug */,
				7FE40CD32BA2F5EF00209602 /* Release */,
			);
			defaultConfigurationIsVisible = 0;
			defaultConfigurationName = Release;
		};
		7FE40CD42BA2F5EF00209602 /* Build configuration list for PBXNativeTarget "MoveAppTests" */ = {
			isa = XCConfigurationList;
			buildConfigurations = (
				7FE40CD52BA2F5EF00209602 /* Debug */,
				7FE40CD62BA2F5EF00209602 /* Release */,
			);
			defaultConfigurationIsVisible = 0;
			defaultConfigurationName = Release;
		};
		7FE40CD72BA2F5EF00209602 /* Build configuration list for PBXNativeTarget "MoveAppUITests" */ = {
			isa = XCConfigurationList;
			buildConfigurations = (
				7FE40CD82BA2F5EF00209602 /* Debug */,
				7FE40CD92BA2F5EF00209602 /* Release */,
			);
			defaultConfigurationIsVisible = 0;
			defaultConfigurationName = Release;
		};
/* End XCConfigurationList section */
	};
	rootObject = 7FE40CA52BA2F5E900209602 /* Project object */;
}
